// !$*UTF8*$!
{
	archiveVersion = 1;
	classes = {
	};
	objectVersion = 46;
	objects = {

/* Begin PBXBuildFile section */
		03873FDB6E0A7812210B7EF8 /* Instructions.cpp in Sources */ = {isa = PBXBuildFile; fileRef = 04591FCF670642F37F4E6590 /* Instructions.cpp */; };
		120B4D1D68061B7E0A347A5B /* MathVarObj.cpp in Sources */ = {isa = PBXBuildFile; fileRef = 156B3F7A7AAD0A745C5D0E47 /* MathVarObj.cpp */; };
		155F4433256800FE518D3FF7 /* ColorVarObj.cpp in Sources */ = {isa = PBXBuildFile; fileRef = 020A697D288942483A7A4A24 /* ColorVarObj.cpp */; };
		16305EF5653B16B979A34487 /* Parser.cpp in Sources */ = {isa = PBXBuildFile; fileRef = 2C1A6F6E3CB66F785DD82FA5 /* Parser.cpp */; };
		166E3DDD7F15798B55481BF6 /* LandruStd.cpp in Sources */ = {isa = PBXBuildFile; fileRef = 77A467CF62B362C666253B5D /* LandruStd.cpp */; };
		1ABC5BE65B7104056D5A6734 /* JsonVarObj.cpp in Sources */ = {isa = PBXBuildFile; fileRef = 05DA2DDF2678448E018619D3 /* JsonVarObj.cpp */; };
		1DE7374A04753BF978972699 /* VarObj.cpp in Sources */ = {isa = PBXBuildFile; fileRef = 6032753A548578D36B547CBD /* VarObj.cpp */; };
		24C047F52B2F47DC51014439 /* RealVarObj.cpp in Sources */ = {isa = PBXBuildFile; fileRef = 6F0341B7675C584E07D821FF /* RealVarObj.cpp */; };
		292E45F2175832AE5E20070B /* IntVarObj.cpp in Sources */ = {isa = PBXBuildFile; fileRef = 389827BF15AD430B1167351D /* IntVarObj.cpp */; };
		3337168379405CE00B4B6D74 /* StringVarObj.cpp in Sources */ = {isa = PBXBuildFile; fileRef = 0D766B067993239B485E385C /* StringVarObj.cpp */; };
		39CA01FD175637196B6A2867 /* RaiseError.cpp in Sources */ = {isa = PBXBuildFile; fileRef = 2999042876B4499C44201F5F /* RaiseError.cpp */; };
		3C5234C8451E444A61240CA7 /* VarObjArray.cpp in Sources */ = {isa = PBXBuildFile; fileRef = 1DED6FC37144494D68C85D34 /* VarObjArray.cpp */; };
		47102924078A12CC15884DEE /* Exemplar.cpp in Sources */ = {isa = PBXBuildFile; fileRef = 549F4DEC57B00E4573E13F73 /* Exemplar.cpp */; };
		48036ED042D421475CFF0258 /* AST.cpp in Sources */ = {isa = PBXBuildFile; fileRef = 5C482084409069F448A01495 /* AST.cpp */; };
		48115BA627ED606931EA0FE5 /* TimeVarObj.cpp in Sources */ = {isa = PBXBuildFile; fileRef = 71F24DFA7BAD28E97DCA6212 /* TimeVarObj.cpp */; };
		4893584B4F6103B1707817BF /* ParseExpression.cpp in Sources */ = {isa = PBXBuildFile; fileRef = 3E7B049A1EC322F52AE1342A /* ParseExpression.cpp */; };
		4D6F60E024AF10885491007F /* LandruAssembler.cpp in Sources */ = {isa = PBXBuildFile; fileRef = 35746FAB01FD095D4E0F7345 /* LandruAssembler.cpp */; };
		5D5B0A0170565A6322E83E5D /* Fiber.cpp in Sources */ = {isa = PBXBuildFile; fileRef = 7485752E2635693A785A055A /* Fiber.cpp */; };
		5E0543E305514A0F3E37494B /* Continuation.cpp in Sources */ = {isa = PBXBuildFile; fileRef = 283D5B74469F7EC636F517AE /* Continuation.cpp */; };
		5E844C33679A5E8905676AFB /* IoVarObj.cpp in Sources */ = {isa = PBXBuildFile; fileRef = 730F7AF433990CD6508F6A6E /* IoVarObj.cpp */; };
		60794A7634B1759A0C7365BF /* AssemblerBase.cpp in Sources */ = {isa = PBXBuildFile; fileRef = 10195D0706D3455C5361295C /* AssemblerBase.cpp */; };
		68C776893695779033DF2477 /* Tokens.cpp in Sources */ = {isa = PBXBuildFile; fileRef = 4AC34C7946550C4077064F2C /* Tokens.cpp */; };
		6ED642D7411F145D751621A8 /* MachineCache.cpp in Sources */ = {isa = PBXBuildFile; fileRef = 455C3F5F200D66F035ED7E00 /* MachineCache.cpp */; };
		70C85E2C41BD6BFE1FD30FD2 /* lcRaiseError.cpp in Sources */ = {isa = PBXBuildFile; fileRef = 6031365507B721C33EB7177E /* lcRaiseError.cpp */; };
		71D214E0013F59347D510A03 /* Stack.cpp in Sources */ = {isa = PBXBuildFile; fileRef = 2AAF4C0311AC3781177541BB /* Stack.cpp */; };
		740F1DF703CA007339B54068 /* Engine.cpp in Sources */ = {isa = PBXBuildFile; fileRef = 797F35AF0FD31E91654C1B3F /* Engine.cpp */; };
		74B9417169915EC90F490F22 /* StackPrint.cpp in Sources */ = {isa = PBXBuildFile; fileRef = 6C0A396660B66B7D64CE3B0B /* StackPrint.cpp */; };
/* End PBXBuildFile section */

/* Begin PBXFileReference section */
		020A697D288942483A7A4A24 /* ColorVarObj.cpp */ = {isa = PBXFileReference; lastKnownFileType = sourcecode.cpp.cpp; path = ColorVarObj.cpp; sourceTree = "<group>"; };
		02B81D24338B1967440E75F7 /* Instructions.h */ = {isa = PBXFileReference; lastKnownFileType = sourcecode.c.h; path = Instructions.h; sourceTree = "<group>"; };
		03245877044C57484D1478EC /* RealVarObj.h */ = {isa = PBXFileReference; lastKnownFileType = sourcecode.c.h; path = RealVarObj.h; sourceTree = "<group>"; };
		04591FCF670642F37F4E6590 /* Instructions.cpp */ = {isa = PBXFileReference; lastKnownFileType = sourcecode.cpp.cpp; path = Instructions.cpp; sourceTree = "<group>"; };
		05DA2DDF2678448E018619D3 /* JsonVarObj.cpp */ = {isa = PBXFileReference; lastKnownFileType = sourcecode.cpp.cpp; path = JsonVarObj.cpp; sourceTree = "<group>"; };
		08904CF6488136BB41E40B30 /* AssemblerBase.h */ = {isa = PBXFileReference; lastKnownFileType = sourcecode.c.h; path = AssemblerBase.h; sourceTree = "<group>"; };
		08F04B8C773625E70B9A6108 /* Tokens.h */ = {isa = PBXFileReference; lastKnownFileType = sourcecode.c.h; path = Tokens.h; sourceTree = "<group>"; };
		0CE91D1915E45466083D7385 /* ColorVarObj.h */ = {isa = PBXFileReference; lastKnownFileType = sourcecode.c.h; path = ColorVarObj.h; sourceTree = "<group>"; };
		0D766B067993239B485E385C /* StringVarObj.cpp */ = {isa = PBXFileReference; lastKnownFileType = sourcecode.cpp.cpp; path = StringVarObj.cpp; sourceTree = "<group>"; };
		0E3751617130080C08262353 /* ParseExpression.h */ = {isa = PBXFileReference; lastKnownFileType = sourcecode.c.h; path = ParseExpression.h; sourceTree = "<group>"; };
		10195D0706D3455C5361295C /* AssemblerBase.cpp */ = {isa = PBXFileReference; lastKnownFileType = sourcecode.cpp.cpp; path = AssemblerBase.cpp; sourceTree = "<group>"; };
		10B71E7274600A4355BE674D /* AST.h */ = {isa = PBXFileReference; lastKnownFileType = sourcecode.c.h; path = AST.h; sourceTree = "<group>"; };
		139E745053D140B73CEB7CA3 /* LandruAssembler.h */ = {isa = PBXFileReference; lastKnownFileType = sourcecode.c.h; path = LandruAssembler.h; sourceTree = "<group>"; };
		156B3F7A7AAD0A745C5D0E47 /* MathVarObj.cpp */ = {isa = PBXFileReference; lastKnownFileType = sourcecode.cpp.cpp; path = MathVarObj.cpp; sourceTree = "<group>"; };
		17D33A8852A239DD638E2F2B /* StackPrint.h */ = {isa = PBXFileReference; lastKnownFileType = sourcecode.c.h; path = StackPrint.h; sourceTree = "<group>"; };
		17DA7C12167D25D42D7A33BB /* JsonVarObj.h */ = {isa = PBXFileReference; lastKnownFileType = sourcecode.c.h; path = JsonVarObj.h; sourceTree = "<group>"; };
		1C8641B856BA4EA079847897 /* LandruCompiler.h */ = {isa = PBXFileReference; lastKnownFileType = sourcecode.c.h; path = LandruCompiler.h; sourceTree = "<group>"; };
		1D9C0B59393831063F36124F /* IoVarObj.h */ = {isa = PBXFileReference; lastKnownFileType = sourcecode.c.h; path = IoVarObj.h; sourceTree = "<group>"; };
		1DED6FC37144494D68C85D34 /* VarObjArray.cpp */ = {isa = PBXFileReference; lastKnownFileType = sourcecode.cpp.cpp; path = VarObjArray.cpp; sourceTree = "<group>"; };
		243811E2233B035A38AC3A3E /* Engine.h */ = {isa = PBXFileReference; lastKnownFileType = sourcecode.c.h; path = Engine.h; sourceTree = "<group>"; };
		24B4384C33A278876D281E95 /* VarObjStackUtil.h */ = {isa = PBXFileReference; lastKnownFileType = sourcecode.c.h; path = VarObjStackUtil.h; sourceTree = "<group>"; };
		273F2EBA419D593151DB0902 /* VarObj.h */ = {isa = PBXFileReference; lastKnownFileType = sourcecode.c.h; path = VarObj.h; sourceTree = "<group>"; };
		283D5B74469F7EC636F517AE /* Continuation.cpp */ = {isa = PBXFileReference; lastKnownFileType = sourcecode.cpp.cpp; path = Continuation.cpp; sourceTree = "<group>"; };
		2999042876B4499C44201F5F /* RaiseError.cpp */ = {isa = PBXFileReference; lastKnownFileType = sourcecode.cpp.cpp; path = RaiseError.cpp; sourceTree = "<group>"; };
		29DC462E2D6012824135179C /* RaiseError.h */ = {isa = PBXFileReference; lastKnownFileType = sourcecode.c.h; path = RaiseError.h; sourceTree = "<group>"; };
		2AAF4C0311AC3781177541BB /* Stack.cpp */ = {isa = PBXFileReference; lastKnownFileType = sourcecode.cpp.cpp; path = Stack.cpp; sourceTree = "<group>"; };
		2C1A6F6E3CB66F785DD82FA5 /* Parser.cpp */ = {isa = PBXFileReference; lastKnownFileType = sourcecode.cpp.cpp; path = Parser.cpp; sourceTree = "<group>"; };
		2D137BB6756A37A817090B1C /* Exception.h */ = {isa = PBXFileReference; lastKnownFileType = sourcecode.c.h; path = Exception.h; sourceTree = "<group>"; };
		30490A3961AF5BC44F150CE9 /* Parser.h */ = {isa = PBXFileReference; lastKnownFileType = sourcecode.c.h; path = Parser.h; sourceTree = "<group>"; };
		30897F3452125C745AE45268 /* RefCounted.h */ = {isa = PBXFileReference; lastKnownFileType = sourcecode.c.h; path = RefCounted.h; sourceTree = "<group>"; };
		312A4B9B53DD568C3C6853F6 /* TimeVarObj.h */ = {isa = PBXFileReference; lastKnownFileType = sourcecode.c.h; path = TimeVarObj.h; sourceTree = "<group>"; };
		33DE579B3ECF466325883264 /* InstructionsDef.h */ = {isa = PBXFileReference; lastKnownFileType = sourcecode.c.h; path = InstructionsDef.h; sourceTree = "<group>"; };
		35746FAB01FD095D4E0F7345 /* LandruAssembler.cpp */ = {isa = PBXFileReference; lastKnownFileType = sourcecode.cpp.cpp; path = LandruAssembler.cpp; sourceTree = "<group>"; };
		3590035972B60F3A592B334F /* VarObjArray.h */ = {isa = PBXFileReference; lastKnownFileType = sourcecode.c.h; path = VarObjArray.h; sourceTree = "<group>"; };
		389827BF15AD430B1167351D /* IntVarObj.cpp */ = {isa = PBXFileReference; lastKnownFileType = sourcecode.cpp.cpp; path = IntVarObj.cpp; sourceTree = "<group>"; };
		3E7B049A1EC322F52AE1342A /* ParseExpression.cpp */ = {isa = PBXFileReference; lastKnownFileType = sourcecode.cpp.cpp; path = ParseExpression.cpp; sourceTree = "<group>"; };
		455C3F5F200D66F035ED7E00 /* MachineCache.cpp */ = {isa = PBXFileReference; lastKnownFileType = sourcecode.cpp.cpp; path = MachineCache.cpp; sourceTree = "<group>"; };
		4AC34C7946550C4077064F2C /* Tokens.cpp */ = {isa = PBXFileReference; lastKnownFileType = sourcecode.cpp.cpp; path = Tokens.cpp; sourceTree = "<group>"; };
		4F8074DD61D448B65EFA7C74 /* ConcurrentQueue.h */ = {isa = PBXFileReference; lastKnownFileType = sourcecode.c.h; path = ConcurrentQueue.h; sourceTree = "<group>"; };
		507F6CA55F7D48B507794543 /* TokenDefs.h */ = {isa = PBXFileReference; lastKnownFileType = sourcecode.c.h; path = TokenDefs.h; sourceTree = "<group>"; };
		5204370129A250417CD11B47 /* Stack.h */ = {isa = PBXFileReference; lastKnownFileType = sourcecode.c.h; path = Stack.h; sourceTree = "<group>"; };
		52683CC94E7E5746599F68F6 /* MachineCache.h */ = {isa = PBXFileReference; lastKnownFileType = sourcecode.c.h; path = MachineCache.h; sourceTree = "<group>"; };
		549F4DEC57B00E4573E13F73 /* Exemplar.cpp */ = {isa = PBXFileReference; lastKnownFileType = sourcecode.cpp.cpp; path = Exemplar.cpp; sourceTree = "<group>"; };
		5C482084409069F448A01495 /* AST.cpp */ = {isa = PBXFileReference; lastKnownFileType = sourcecode.cpp.cpp; path = AST.cpp; sourceTree = "<group>"; };
		5FF61A57738A0DD534D87A68 /* lcRaiseError.h */ = {isa = PBXFileReference; lastKnownFileType = sourcecode.c.h; path = lcRaiseError.h; sourceTree = "<group>"; };
		6031365507B721C33EB7177E /* lcRaiseError.cpp */ = {isa = PBXFileReference; lastKnownFileType = sourcecode.cpp.cpp; path = lcRaiseError.cpp; sourceTree = "<group>"; };
		6032753A548578D36B547CBD /* VarObj.cpp */ = {isa = PBXFileReference; lastKnownFileType = sourcecode.cpp.cpp; path = VarObj.cpp; sourceTree = "<group>"; };
		631504C54DAF5614615C12A6 /* Continuation.h */ = {isa = PBXFileReference; lastKnownFileType = sourcecode.c.h; path = Continuation.h; sourceTree = "<group>"; };
		6441281068865AD426141D0D /* IntVarObj.h */ = {isa = PBXFileReference; lastKnownFileType = sourcecode.c.h; path = IntVarObj.h; sourceTree = "<group>"; };
		64B52C396AFB2D5F6AFA72C9 /* libLandru.a */ = {isa = PBXFileReference; explicitFileType = archive.ar; includeInIndex = 0; path = libLandru.a; sourceTree = BUILT_PRODUCTS_DIR; };
		672E0916374A180F33325043 /* LandruStd.h */ = {isa = PBXFileReference; lastKnownFileType = sourcecode.c.h; path = LandruStd.h; sourceTree = "<group>"; };
		6C0A396660B66B7D64CE3B0B /* StackPrint.cpp */ = {isa = PBXFileReference; lastKnownFileType = sourcecode.cpp.cpp; path = StackPrint.cpp; sourceTree = "<group>"; };
		6F0341B7675C584E07D821FF /* RealVarObj.cpp */ = {isa = PBXFileReference; lastKnownFileType = sourcecode.cpp.cpp; path = RealVarObj.cpp; sourceTree = "<group>"; };
		71F24DFA7BAD28E97DCA6212 /* TimeVarObj.cpp */ = {isa = PBXFileReference; lastKnownFileType = sourcecode.cpp.cpp; path = TimeVarObj.cpp; sourceTree = "<group>"; };
		730F7AF433990CD6508F6A6E /* IoVarObj.cpp */ = {isa = PBXFileReference; lastKnownFileType = sourcecode.cpp.cpp; path = IoVarObj.cpp; sourceTree = "<group>"; };
		736642DE06751BD5404F0FEE /* MathVarObj.h */ = {isa = PBXFileReference; lastKnownFileType = sourcecode.c.h; path = MathVarObj.h; sourceTree = "<group>"; };
		7485752E2635693A785A055A /* Fiber.cpp */ = {isa = PBXFileReference; lastKnownFileType = sourcecode.cpp.cpp; path = Fiber.cpp; sourceTree = "<group>"; };
		77A467CF62B362C666253B5D /* LandruStd.cpp */ = {isa = PBXFileReference; lastKnownFileType = sourcecode.cpp.cpp; path = LandruStd.cpp; sourceTree = "<group>"; };
		786E0AD72ACF311C281E79F7 /* StringVarObj.h */ = {isa = PBXFileReference; lastKnownFileType = sourcecode.c.h; path = StringVarObj.h; sourceTree = "<group>"; };
		797F35AF0FD31E91654C1B3F /* Engine.cpp */ = {isa = PBXFileReference; lastKnownFileType = sourcecode.cpp.cpp; path = Engine.cpp; sourceTree = "<group>"; };
		7C8730795B1A085D23DE564D /* Fiber.h */ = {isa = PBXFileReference; lastKnownFileType = sourcecode.c.h; path = Fiber.h; sourceTree = "<group>"; };
		7D4A2E1A4144040F1EEF0367 /* Exemplar.h */ = {isa = PBXFileReference; lastKnownFileType = sourcecode.c.h; path = Exemplar.h; sourceTree = "<group>"; };
/* End PBXFileReference section */

/* Begin PBXFrameworksBuildPhase section */
		1CCF6BF608B13D467B875CFB /* Frameworks */ = {
			isa = PBXFrameworksBuildPhase;
			buildActionMask = 2147483647;
			files = (
			);
			runOnlyForDeploymentPostprocessing = 0;
		};
/* End PBXFrameworksBuildPhase section */

/* Begin PBXGroup section */
		053912B81AEE14B5299F143B /* Products */ = {
			isa = PBXGroup;
			children = (
				64B52C396AFB2D5F6AFA72C9 /* libLandru.a */,
			);
			name = Products;
			sourceTree = "<group>";
		};
		1098143E034D70286A571335 /* Landru */ = {
			isa = PBXGroup;
			children = (
				1C910F7B54A31FE32C841AC0 /* src */,
				053912B81AEE14B5299F143B /* Products */,
			);
			name = Landru;
			sourceTree = "<group>";
		};
		1C910F7B54A31FE32C841AC0 /* src */ = {
			isa = PBXGroup;
			children = (
				57006C23272651A15AC82375 /* LandruAssembler */,
				6D8A3C401B1E6FC3068F55F1 /* LandruCompiler */,
				739C0F8D18F65B9E659E6A32 /* LandruStd */,
				5616675D26223F60608D5DD8 /* LandruVM */,
			);
			path = src;
			sourceTree = "<group>";
		};
		5616675D26223F60608D5DD8 /* LandruVM */ = {
			isa = PBXGroup;
			children = (
				283D5B74469F7EC636F517AE /* Continuation.cpp */,
				631504C54DAF5614615C12A6 /* Continuation.h */,
				797F35AF0FD31E91654C1B3F /* Engine.cpp */,
				243811E2233B035A38AC3A3E /* Engine.h */,
				549F4DEC57B00E4573E13F73 /* Exemplar.cpp */,
				7D4A2E1A4144040F1EEF0367 /* Exemplar.h */,
				7485752E2635693A785A055A /* Fiber.cpp */,
				7C8730795B1A085D23DE564D /* Fiber.h */,
				04591FCF670642F37F4E6590 /* Instructions.cpp */,
				02B81D24338B1967440E75F7 /* Instructions.h */,
				33DE579B3ECF466325883264 /* InstructionsDef.h */,
				455C3F5F200D66F035ED7E00 /* MachineCache.cpp */,
				52683CC94E7E5746599F68F6 /* MachineCache.h */,
				2999042876B4499C44201F5F /* RaiseError.cpp */,
				29DC462E2D6012824135179C /* RaiseError.h */,
				30897F3452125C745AE45268 /* RefCounted.h */,
				2AAF4C0311AC3781177541BB /* Stack.cpp */,
				5204370129A250417CD11B47 /* Stack.h */,
				6C0A396660B66B7D64CE3B0B /* StackPrint.cpp */,
				17D33A8852A239DD638E2F2B /* StackPrint.h */,
				6032753A548578D36B547CBD /* VarObj.cpp */,
				273F2EBA419D593151DB0902 /* VarObj.h */,
				1DED6FC37144494D68C85D34 /* VarObjArray.cpp */,
				3590035972B60F3A592B334F /* VarObjArray.h */,
				24B4384C33A278876D281E95 /* VarObjStackUtil.h */,
			);
			path = LandruVM;
			sourceTree = "<group>";
		};
		57006C23272651A15AC82375 /* LandruAssembler */ = {
			isa = PBXGroup;
			children = (
				10195D0706D3455C5361295C /* AssemblerBase.cpp */,
				08904CF6488136BB41E40B30 /* AssemblerBase.h */,
				35746FAB01FD095D4E0F7345 /* LandruAssembler.cpp */,
				139E745053D140B73CEB7CA3 /* LandruAssembler.h */,
			);
			path = LandruAssembler;
			sourceTree = "<group>";
		};
		6D8A3C401B1E6FC3068F55F1 /* LandruCompiler */ = {
			isa = PBXGroup;
			children = (
				5C482084409069F448A01495 /* AST.cpp */,
				10B71E7274600A4355BE674D /* AST.h */,
				2D137BB6756A37A817090B1C /* Exception.h */,
				1C8641B856BA4EA079847897 /* LandruCompiler.h */,
				3E7B049A1EC322F52AE1342A /* ParseExpression.cpp */,
				0E3751617130080C08262353 /* ParseExpression.h */,
				2C1A6F6E3CB66F785DD82FA5 /* Parser.cpp */,
				30490A3961AF5BC44F150CE9 /* Parser.h */,
				507F6CA55F7D48B507794543 /* TokenDefs.h */,
				4AC34C7946550C4077064F2C /* Tokens.cpp */,
				08F04B8C773625E70B9A6108 /* Tokens.h */,
				6031365507B721C33EB7177E /* lcRaiseError.cpp */,
				5FF61A57738A0DD534D87A68 /* lcRaiseError.h */,
			);
			path = LandruCompiler;
			sourceTree = "<group>";
		};
		739C0F8D18F65B9E659E6A32 /* LandruStd */ = {
			isa = PBXGroup;
			children = (
				020A697D288942483A7A4A24 /* ColorVarObj.cpp */,
				0CE91D1915E45466083D7385 /* ColorVarObj.h */,
				4F8074DD61D448B65EFA7C74 /* ConcurrentQueue.h */,
				389827BF15AD430B1167351D /* IntVarObj.cpp */,
				6441281068865AD426141D0D /* IntVarObj.h */,
				730F7AF433990CD6508F6A6E /* IoVarObj.cpp */,
				1D9C0B59393831063F36124F /* IoVarObj.h */,
				05DA2DDF2678448E018619D3 /* JsonVarObj.cpp */,
				17DA7C12167D25D42D7A33BB /* JsonVarObj.h */,
				77A467CF62B362C666253B5D /* LandruStd.cpp */,
				672E0916374A180F33325043 /* LandruStd.h */,
				156B3F7A7AAD0A745C5D0E47 /* MathVarObj.cpp */,
				736642DE06751BD5404F0FEE /* MathVarObj.h */,
				6F0341B7675C584E07D821FF /* RealVarObj.cpp */,
				03245877044C57484D1478EC /* RealVarObj.h */,
				0D766B067993239B485E385C /* StringVarObj.cpp */,
				786E0AD72ACF311C281E79F7 /* StringVarObj.h */,
				71F24DFA7BAD28E97DCA6212 /* TimeVarObj.cpp */,
				312A4B9B53DD568C3C6853F6 /* TimeVarObj.h */,
			);
			path = LandruStd;
			sourceTree = "<group>";
		};
/* End PBXGroup section */

/* Begin PBXNativeTarget section */
		1F154B0C3BA0257825B803C6 /* Landru */ = {
			isa = PBXNativeTarget;
			buildConfigurationList = 63BD33F1213672FE432E0A98 /* Build configuration list for PBXNativeTarget "Landru" */;
			buildPhases = (
				2C817FC42B2131E60AEB57C4 /* Resources */,
				28437A8C24AD0CDE63EE46A7 /* Sources */,
				1CCF6BF608B13D467B875CFB /* Frameworks */,
			);
			buildRules = (
			);
			dependencies = (
			);
			name = Landru;
			productName = Landru;
			productReference = 64B52C396AFB2D5F6AFA72C9 /* libLandru.a */;
			productType = "com.apple.product-type.library.static";
		};
/* End PBXNativeTarget section */

/* Begin PBXProject section */
		08FB7793FE84155DC02AAC07 /* Project object */ = {
			isa = PBXProject;
			attributes = {
				LastUpgradeCheck = 0500;
			};
			buildConfigurationList = 1DEB928908733DD80010E9CD /* Build configuration list for PBXProject "Landru" */;
			compatibilityVersion = "Xcode 3.2";
			developmentRegion = English;
			hasScannedForEncodings = 1;
			knownRegions = (
				en,
			);
			mainGroup = 1098143E034D70286A571335 /* Landru */;
			projectDirPath = "";
			projectRoot = "";
			targets = (
				1F154B0C3BA0257825B803C6 /* Landru */,
			);
		};
/* End PBXProject section */

/* Begin PBXResourcesBuildPhase section */
		2C817FC42B2131E60AEB57C4 /* Resources */ = {
			isa = PBXResourcesBuildPhase;
			buildActionMask = 2147483647;
			files = (
			);
			runOnlyForDeploymentPostprocessing = 0;
		};
/* End PBXResourcesBuildPhase section */

/* Begin PBXSourcesBuildPhase section */
		28437A8C24AD0CDE63EE46A7 /* Sources */ = {
			isa = PBXSourcesBuildPhase;
			buildActionMask = 2147483647;
			files = (
				60794A7634B1759A0C7365BF /* AssemblerBase.cpp in Sources */,
				4D6F60E024AF10885491007F /* LandruAssembler.cpp in Sources */,
				48036ED042D421475CFF0258 /* AST.cpp in Sources */,
				4893584B4F6103B1707817BF /* ParseExpression.cpp in Sources */,
				16305EF5653B16B979A34487 /* Parser.cpp in Sources */,
				68C776893695779033DF2477 /* Tokens.cpp in Sources */,
				70C85E2C41BD6BFE1FD30FD2 /* lcRaiseError.cpp in Sources */,
				155F4433256800FE518D3FF7 /* ColorVarObj.cpp in Sources */,
				292E45F2175832AE5E20070B /* IntVarObj.cpp in Sources */,
				5E844C33679A5E8905676AFB /* IoVarObj.cpp in Sources */,
				1ABC5BE65B7104056D5A6734 /* JsonVarObj.cpp in Sources */,
				166E3DDD7F15798B55481BF6 /* LandruStd.cpp in Sources */,
				120B4D1D68061B7E0A347A5B /* MathVarObj.cpp in Sources */,
				24C047F52B2F47DC51014439 /* RealVarObj.cpp in Sources */,
				3337168379405CE00B4B6D74 /* StringVarObj.cpp in Sources */,
				48115BA627ED606931EA0FE5 /* TimeVarObj.cpp in Sources */,
				5E0543E305514A0F3E37494B /* Continuation.cpp in Sources */,
				740F1DF703CA007339B54068 /* Engine.cpp in Sources */,
				47102924078A12CC15884DEE /* Exemplar.cpp in Sources */,
				5D5B0A0170565A6322E83E5D /* Fiber.cpp in Sources */,
				03873FDB6E0A7812210B7EF8 /* Instructions.cpp in Sources */,
				6ED642D7411F145D751621A8 /* MachineCache.cpp in Sources */,
				39CA01FD175637196B6A2867 /* RaiseError.cpp in Sources */,
				71D214E0013F59347D510A03 /* Stack.cpp in Sources */,
				74B9417169915EC90F490F22 /* StackPrint.cpp in Sources */,
				1DE7374A04753BF978972699 /* VarObj.cpp in Sources */,
				3C5234C8451E444A61240CA7 /* VarObjArray.cpp in Sources */,
			);
			runOnlyForDeploymentPostprocessing = 0;
		};
/* End PBXSourcesBuildPhase section */

/* Begin XCBuildConfiguration section */
		14707F0D5AF05FEF4F1E65FB /* Release Native 64-bit */ = {
			isa = XCBuildConfiguration;
			buildSettings = {
				ALWAYS_SEARCH_USER_PATHS = NO;
				COMBINE_HIDPI_IMAGES = YES;
				CONFIGURATION_BUILD_DIR = build/Release;
				DEBUG_INFORMATION_FORMAT = "dwarf-with-dsym";
				GCC_DYNAMIC_NO_PIC = NO;
				GCC_MODEL_TUNING = G5;
				INSTALL_PATH = /usr/local/lib;
				ONLY_ACTIVE_ARCH = YES;
				PRODUCT_NAME = Landru;
			};
			name = "Release Native 64-bit";
		};
		4D29763135D42DEC21DD380E /* Debug Native 64-bit */ = {
			isa = XCBuildConfiguration;
			buildSettings = {
				CONFIGURATION_BUILD_DIR = "$(SYMROOT)";
				CONFIGURATION_TEMP_DIR = "$(OBJROOT)";
				COPY_PHASE_STRIP = NO;
				GCC_C_LANGUAGE_STANDARD = gnu99;
				GCC_OPTIMIZATION_LEVEL = 0;
				GCC_PREPROCESSOR_DEFINITIONS = (
					DEBUG,
					__MACOSX_CORE__,
					OSX,
				);
				GCC_SYMBOLS_PRIVATE_EXTERN = NO;
				GCC_WARN_ABOUT_RETURN_TYPE = YES;
				GCC_WARN_UNUSED_VARIABLE = YES;
				HEADER_SEARCH_PATHS = (
					src,
					../LabText/src,
					../LabJson/src,
				);
				OBJROOT = obj/x64/Debug;
				ONLY_ACTIVE_ARCH = YES;
				OTHER_CFLAGS = (
					"-std=c++11",
					"-stdlib=libc++",
				);
				SYMROOT = build/Debug;
				VALID_ARCHS = x86_64;
			};
			name = "Debug Native 64-bit";
		};
		58F14BE671E91D5F4A0A005D /* Release Native 32-bit */ = {
			isa = XCBuildConfiguration;
			buildSettings = {
				ALWAYS_SEARCH_USER_PATHS = NO;
				COMBINE_HIDPI_IMAGES = YES;
				CONFIGURATION_BUILD_DIR = build/Release;
				DEBUG_INFORMATION_FORMAT = "dwarf-with-dsym";
				GCC_DYNAMIC_NO_PIC = NO;
				GCC_MODEL_TUNING = G5;
				INSTALL_PATH = /usr/local/lib;
				ONLY_ACTIVE_ARCH = YES;
				PRODUCT_NAME = Landru;
			};
			name = "Release Native 32-bit";
		};
		5ABB4C001C430C3A433613FB /* Debug Native 32-bit */ = {
			isa = XCBuildConfiguration;
			buildSettings = {
				CONFIGURATION_BUILD_DIR = "$(SYMROOT)";
				CONFIGURATION_TEMP_DIR = "$(OBJROOT)";
				COPY_PHASE_STRIP = NO;
				GCC_C_LANGUAGE_STANDARD = gnu99;
				GCC_OPTIMIZATION_LEVEL = 0;
				GCC_PREPROCESSOR_DEFINITIONS = (
					DEBUG,
					__MACOSX_CORE__,
					OSX,
				);
				GCC_SYMBOLS_PRIVATE_EXTERN = NO;
				GCC_WARN_ABOUT_RETURN_TYPE = YES;
				GCC_WARN_UNUSED_VARIABLE = YES;
				HEADER_SEARCH_PATHS = (
					src,
					../LabText/src,
					../LabJson/src,
				);
				OBJROOT = obj/x32/Debug;
				ONLY_ACTIVE_ARCH = YES;
				OTHER_CFLAGS = (
					"-std=c++11",
					"-stdlib=libc++",
				);
				SYMROOT = build/Debug;
				VALID_ARCHS = x86_64;
			};
			name = "Debug Native 32-bit";
		};
		624D6D7C26A53EF202BB4F74 /* Debug Native 64-bit */ = {
			isa = XCBuildConfiguration;
			buildSettings = {
				ALWAYS_SEARCH_USER_PATHS = NO;
				COMBINE_HIDPI_IMAGES = YES;
				CONFIGURATION_BUILD_DIR = build/Debug;
				GCC_DYNAMIC_NO_PIC = NO;
				GCC_MODEL_TUNING = G5;
				INSTALL_PATH = /usr/local/lib;
				ONLY_ACTIVE_ARCH = YES;
				PRODUCT_NAME = Landru;
			};
			name = "Debug Native 64-bit";
		};
		69F908425473055139173FE0 /* Release Native 64-bit */ = {
			isa = XCBuildConfiguration;
			buildSettings = {
				CONFIGURATION_BUILD_DIR = "$(SYMROOT)";
				CONFIGURATION_TEMP_DIR = "$(OBJROOT)";
				GCC_C_LANGUAGE_STANDARD = gnu99;
				GCC_OPTIMIZATION_LEVEL = s;
				GCC_PREPROCESSOR_DEFINITIONS = (
					NDEBUG,
					__MACOSX_CORE__,
					OSX,
				);
				GCC_SYMBOLS_PRIVATE_EXTERN = NO;
				GCC_WARN_ABOUT_RETURN_TYPE = YES;
				GCC_WARN_UNUSED_VARIABLE = YES;
				HEADER_SEARCH_PATHS = (
					src,
					../LabText/src,
					../LabJson/src,
				);
				OBJROOT = obj/x64/Release;
				ONLY_ACTIVE_ARCH = YES;
				OTHER_CFLAGS = (
					"-std=c++11",
					"-stdlib=libc++",
				);
				SYMROOT = build/Release;
				VALID_ARCHS = x86_64;
			};
			name = "Release Native 64-bit";
		};
		7951617577ED71F10E5E7CB8 /* Release Native 32-bit */ = {
			isa = XCBuildConfiguration;
			buildSettings = {
				CONFIGURATION_BUILD_DIR = "$(SYMROOT)";
				CONFIGURATION_TEMP_DIR = "$(OBJROOT)";
				GCC_C_LANGUAGE_STANDARD = gnu99;
				GCC_OPTIMIZATION_LEVEL = s;
				GCC_PREPROCESSOR_DEFINITIONS = (
					NDEBUG,
					__MACOSX_CORE__,
					OSX,
				);
				GCC_SYMBOLS_PRIVATE_EXTERN = NO;
				GCC_WARN_ABOUT_RETURN_TYPE = YES;
				GCC_WARN_UNUSED_VARIABLE = YES;
				HEADER_SEARCH_PATHS = (
					src,
					../LabText/src,
					../LabJson/src,
				);
				OBJROOT = obj/x32/Release;
				ONLY_ACTIVE_ARCH = YES;
				OTHER_CFLAGS = (
					"-std=c++11",
					"-stdlib=libc++",
				);
				SYMROOT = build/Release;
				VALID_ARCHS = x86_64;
			};
			name = "Release Native 32-bit";
		};
		7D5B0D7127A7577751616177 /* Debug Native 32-bit */ = {
			isa = XCBuildConfiguration;
			buildSettings = {
				ALWAYS_SEARCH_USER_PATHS = NO;
				COMBINE_HIDPI_IMAGES = YES;
				CONFIGURATION_BUILD_DIR = build/Debug;
				GCC_DYNAMIC_NO_PIC = NO;
				GCC_MODEL_TUNING = G5;
				INSTALL_PATH = /usr/local/lib;
				ONLY_ACTIVE_ARCH = YES;
				PRODUCT_NAME = Landru;
			};
			name = "Debug Native 32-bit";
		};
/* End XCBuildConfiguration section */

/* Begin XCConfigurationList section */
		1DEB928908733DD80010E9CD /* Build configuration list for PBXProject "Landru" */ = {
			isa = XCConfigurationList;
			buildConfigurations = (
				5ABB4C001C430C3A433613FB /* Debug Native 32-bit */,
				4D29763135D42DEC21DD380E /* Debug Native 64-bit */,
				7951617577ED71F10E5E7CB8 /* Release Native 32-bit */,
				69F908425473055139173FE0 /* Release Native 64-bit */,
			);
			defaultConfigurationIsVisible = 0;
			defaultConfigurationName = "Debug Native 32-bit";
		};
		63BD33F1213672FE432E0A98 /* Build configuration list for PBXNativeTarget "Landru" */ = {
			isa = XCConfigurationList;
			buildConfigurations = (
				7D5B0D7127A7577751616177 /* Debug Native 32-bit */,
				624D6D7C26A53EF202BB4F74 /* Debug Native 64-bit */,
				58F14BE671E91D5F4A0A005D /* Release Native 32-bit */,
				14707F0D5AF05FEF4F1E65FB /* Release Native 64-bit */,
			);
			defaultConfigurationIsVisible = 0;
			defaultConfigurationName = "Debug Native 32-bit";
		};
/* End XCConfigurationList section */
	};
	rootObject = 08FB7793FE84155DC02AAC07 /* Project object */;
}
